
Microsoft Visual Studio Solution File, Format Version 12.00
# Visual Studio Version 17
VisualStudioVersion = 17.13.35825.156 d17.13
MinimumVisualStudioVersion = 10.0.40219.1
Project("{FAE04EC0-301F-11D3-BF4B-00C04F79EFBC}") = "acunmedya_1", "acunmedya_1\acunmedya_1.csproj", "{E72F5126-FB41-4A3C-964A-A287AC5BD0F1}"
EndProject
Global
	GlobalSection(SolutionConfigurationPlatforms) = preSolution
		Debug|Any CPU = Debug|Any CPU
		Release|Any CPU = Release|Any CPU
	EndGlobalSection
	GlobalSection(ProjectConfigurationPlatforms) = postSolution
		{E72F5126-FB41-4A3C-964A-A287AC5BD0F1}.Debug|Any CPU.ActiveCfg = Debug|Any CPU
		{E72F5126-FB41-4A3C-964A-A287AC5BD0F1}.Debug|Any CPU.Build.0 = Debug|Any CPU
		{E72F5126-FB41-4A3C-964A-A287AC5BD0F1}.Release|Any CPU.ActiveCfg = Release|Any CPU
		{E72F5126-FB41-4A3C-964A-A287AC5BD0F1}.Release|Any CPU.Build.0 = Release|Any CPU
	EndGlobalSection
	GlobalSection(SolutionProperties) = preSolution
		HideSolutionNode = FALSE
	EndGlobalSection
	GlobalSection(ExtensibilityGlobals) = postSolution
		SolutionGuid = {6018B554-D126-4D59-B394-01FF00F60B94}
	EndGlobalSection
EndGlobal
