
Microsoft Visual Studio Solution File, Format Version 12.00
# Visual Studio Version 17
VisualStudioVersion = 17.13.35825.156 d17.13
MinimumVisualStudioVersion = 10.0.40219.1
Project("{FAE04EC0-301F-11D3-BF4B-00C04F79EFBC}") = "Çalışanların Maaş Hesaplaması", "Çalışanların Maaş Hesaplaması\Çalışanların Maaş Hesaplaması.csproj", "{D6E51ABE-CCD8-4D67-816C-7D2FE4F64331}"
EndProject
Global
	GlobalSection(SolutionConfigurationPlatforms) = preSolution
		Debug|Any CPU = Debug|Any CPU
		Release|Any CPU = Release|Any CPU
	EndGlobalSection
	GlobalSection(ProjectConfigurationPlatforms) = postSolution
		{D6E51ABE-CCD8-4D67-816C-7D2FE4F64331}.Debug|Any CPU.ActiveCfg = Debug|Any CPU
		{D6E51ABE-CCD8-4D67-816C-7D2FE4F64331}.Debug|Any CPU.Build.0 = Debug|Any CPU
		{D6E51ABE-CCD8-4D67-816C-7D2FE4F64331}.Release|Any CPU.ActiveCfg = Release|Any CPU
		{D6E51ABE-CCD8-4D67-816C-7D2FE4F64331}.Release|Any CPU.Build.0 = Release|Any CPU
	EndGlobalSection
	GlobalSection(SolutionProperties) = preSolution
		HideSolutionNode = FALSE
	EndGlobalSection
	GlobalSection(ExtensibilityGlobals) = postSolution
		SolutionGuid = {A7EBC73C-284E-473D-8CF3-70A5A3E69C54}
	EndGlobalSection
EndGlobal
