
Microsoft Visual Studio Solution File, Format Version 12.00
# Visual Studio Version 17
VisualStudioVersion = 17.13.35825.156 d17.13
MinimumVisualStudioVersion = 10.0.40219.1
Project("{FAE04EC0-301F-11D3-BF4B-00C04F79EFBC}") = "Döngüler2", "Döngüler2\Döngüler2.csproj", "{A0767967-877B-4DF5-8B00-4910573EA22B}"
EndProject
Global
	GlobalSection(SolutionConfigurationPlatforms) = preSolution
		Debug|Any CPU = Debug|Any CPU
		Release|Any CPU = Release|Any CPU
	EndGlobalSection
	GlobalSection(ProjectConfigurationPlatforms) = postSolution
		{A0767967-877B-4DF5-8B00-4910573EA22B}.Debug|Any CPU.ActiveCfg = Debug|Any CPU
		{A0767967-877B-4DF5-8B00-4910573EA22B}.Debug|Any CPU.Build.0 = Debug|Any CPU
		{A0767967-877B-4DF5-8B00-4910573EA22B}.Release|Any CPU.ActiveCfg = Release|Any CPU
		{A0767967-877B-4DF5-8B00-4910573EA22B}.Release|Any CPU.Build.0 = Release|Any CPU
	EndGlobalSection
	GlobalSection(SolutionProperties) = preSolution
		HideSolutionNode = FALSE
	EndGlobalSection
	GlobalSection(ExtensibilityGlobals) = postSolution
		SolutionGuid = {5FC9A981-C16E-4029-81C5-A4B6BE2E2182}
	EndGlobalSection
EndGlobal
